
Microsoft Visual Studio Solution File, Format Version 12.00
# Visual Studio Version 16
VisualStudioVersion = 16.0.31303.71
MinimumVisualStudioVersion = 10.0.40219.1
Project("{9A19103F-16F7-4668-BE54-9A1E7A4F7556}") = "BlazorApp1", "BlazorApp1\BlazorApp1.csproj", "{3369F5F3-EECD-49AD-881F-D4EED960D743}"
EndProject
Project("{2150E333-8FDC-42A3-9474-1A3956D46DE8}") = "Solution Items", "Solution Items", "{633AD693-9E46-421C-BE4D-1E3594259BA6}"
	ProjectSection(SolutionItems) = preProject
		.github\workflows\authplayground.yml = .github\workflows\authplayground.yml
	EndProjectSection
EndProject
Global
	GlobalSection(SolutionConfigurationPlatforms) = preSolution
		Debug|Any CPU = Debug|Any CPU
		Release|Any CPU = Release|Any CPU
	EndGlobalSection
	GlobalSection(ProjectConfigurationPlatforms) = postSolution
		{3369F5F3-EECD-49AD-881F-D4EED960D743}.Debug|Any CPU.ActiveCfg = Debug|Any CPU
		{3369F5F3-EECD-49AD-881F-D4EED960D743}.Debug|Any CPU.Build.0 = Debug|Any CPU
		{3369F5F3-EECD-49AD-881F-D4EED960D743}.Release|Any CPU.ActiveCfg = Release|Any CPU
		{3369F5F3-EECD-49AD-881F-D4EED960D743}.Release|Any CPU.Build.0 = Release|Any CPU
	EndGlobalSection
	GlobalSection(SolutionProperties) = preSolution
		HideSolutionNode = FALSE
	EndGlobalSection
	GlobalSection(ExtensibilityGlobals) = postSolution
		SolutionGuid = {5A39890A-F5E6-4B31-B574-D1E9AF9A7B28}
	EndGlobalSection
EndGlobal
